
Microsoft Visual Studio Solution File, Format Version 12.00
# Visual Studio Version 17
VisualStudioVersion = 17.7.34024.191
MinimumVisualStudioVersion = 10.0.40219.1
Project("{2150E333-8FDC-42A3-9474-1A3956D46DE8}") = "Task0", "Task0", "{34C3904A-BC02-4A18-9313-E59E2BE4DF7E}"
EndProject
Project("{FAE04EC0-301F-11D3-BF4B-00C04F79EFBC}") = "Tyuiu.BeketovVN.Sprint2.Task0.V5", "Tyuiu.BeketovVN.Sprint2.Task0.V5\Tyuiu.BeketovVN.Sprint2.Task0.V5.csproj", "{46659956-5437-44C5-89C0-64D0CEF6BDDD}"
EndProject
Project("{FAE04EC0-301F-11D3-BF4B-00C04F79EFBC}") = "Tyuiu.BeketovVN.Sprint2.Task0.V5.Lib", "Tyuiu.BeketovVN.Sprint2.Task0.V5.Lib\Tyuiu.BeketovVN.Sprint2.Task0.V5.Lib.csproj", "{0894F603-C535-4DBD-BACE-E407EC22BBB4}"
EndProject
Project("{FAE04EC0-301F-11D3-BF4B-00C04F79EFBC}") = "Tyuiu.BeketovVN.Sprint2.Task0.V5.Test", "Tyuiu.BeketovVN.Sprint2.Task0.V5.Test\Tyuiu.BeketovVN.Sprint2.Task0.V5.Test.csproj", "{58DCB82D-16CD-4AC6-94E8-6339154BF53A}"
EndProject
Project("{2150E333-8FDC-42A3-9474-1A3956D46DE8}") = "Task1", "Task1", "{5BFB73F3-DC07-4846-BAB6-77F4EFB4947B}"
EndProject
Project("{FAE04EC0-301F-11D3-BF4B-00C04F79EFBC}") = "Tyuiu.BeketovVN.Sprint2.Task1.V3", "Tyuiu.BeketovVN.Sprint2.Task1.V3\Tyuiu.BeketovVN.Sprint2.Task1.V3.csproj", "{E6E1C25D-3A70-4D7C-90DA-234A7867AD16}"
EndProject
Project("{FAE04EC0-301F-11D3-BF4B-00C04F79EFBC}") = "Tyuiu.BeketovVN.Sprint2.Task1.V3.Lib", "Tyuiu.BeketovVN.Sprint2.Task1.V3.Lib\Tyuiu.BeketovVN.Sprint2.Task1.V3.Lib.csproj", "{00606918-24DF-4264-8366-2F30ED7AD3FF}"
EndProject
Project("{FAE04EC0-301F-11D3-BF4B-00C04F79EFBC}") = "Tyuiu.BeketovVN.Sprint2.Task1.V3.Test", "Tyuiu.BeketovVN.Sprint2.Task1.V3.Test\Tyuiu.BeketovVN.Sprint2.Task1.V3.Test.csproj", "{EBDFA6DA-038E-44BD-96AD-6823F51F656C}"
EndProject
Project("{2150E333-8FDC-42A3-9474-1A3956D46DE8}") = "Task2", "Task2", "{8979721D-5B9A-4262-A3CE-CD15E527E25C}"
EndProject
Project("{FAE04EC0-301F-11D3-BF4B-00C04F79EFBC}") = "Tyuiu.BeketovVN.Sprint2.Task2.V3", "Tyuiu.BeketovVN.Sprint2.Task2.V3\Tyuiu.BeketovVN.Sprint2.Task2.V3.csproj", "{ABE7E688-545A-48B3-B5F9-E3530A3D2DB6}"
EndProject
Project("{FAE04EC0-301F-11D3-BF4B-00C04F79EFBC}") = "Tyuiu.BeketovVN.Sprint2.Task2.V3.Lib", "Tyuiu.BeketovVN.Sprint2.Task2.V3.Lib\Tyuiu.BeketovVN.Sprint2.Task2.V3.Lib.csproj", "{816DA66A-C4F1-433F-B985-AE5921FF2751}"
EndProject
Project("{FAE04EC0-301F-11D3-BF4B-00C04F79EFBC}") = "Tyuiu.BeketovVN.Sprint2.Task2.V3.Test", "Tyuiu.BeketovVN.Sprint2.Task2.V3.Test\Tyuiu.BeketovVN.Sprint2.Task2.V3.Test.csproj", "{9642BF05-0BEF-43B8-816F-E97B8B13E375}"
EndProject
Global
	GlobalSection(SolutionConfigurationPlatforms) = preSolution
		Debug|Any CPU = Debug|Any CPU
		Release|Any CPU = Release|Any CPU
	EndGlobalSection
	GlobalSection(ProjectConfigurationPlatforms) = postSolution
		{46659956-5437-44C5-89C0-64D0CEF6BDDD}.Debug|Any CPU.ActiveCfg = Debug|Any CPU
		{46659956-5437-44C5-89C0-64D0CEF6BDDD}.Debug|Any CPU.Build.0 = Debug|Any CPU
		{46659956-5437-44C5-89C0-64D0CEF6BDDD}.Release|Any CPU.ActiveCfg = Release|Any CPU
		{46659956-5437-44C5-89C0-64D0CEF6BDDD}.Release|Any CPU.Build.0 = Release|Any CPU
		{0894F603-C535-4DBD-BACE-E407EC22BBB4}.Debug|Any CPU.ActiveCfg = Debug|Any CPU
		{0894F603-C535-4DBD-BACE-E407EC22BBB4}.Debug|Any CPU.Build.0 = Debug|Any CPU
		{0894F603-C535-4DBD-BACE-E407EC22BBB4}.Release|Any CPU.ActiveCfg = Release|Any CPU
		{0894F603-C535-4DBD-BACE-E407EC22BBB4}.Release|Any CPU.Build.0 = Release|Any CPU
		{58DCB82D-16CD-4AC6-94E8-6339154BF53A}.Debug|Any CPU.ActiveCfg = Debug|Any CPU
		{58DCB82D-16CD-4AC6-94E8-6339154BF53A}.Debug|Any CPU.Build.0 = Debug|Any CPU
		{58DCB82D-16CD-4AC6-94E8-6339154BF53A}.Release|Any CPU.ActiveCfg = Release|Any CPU
		{58DCB82D-16CD-4AC6-94E8-6339154BF53A}.Release|Any CPU.Build.0 = Release|Any CPU
		{E6E1C25D-3A70-4D7C-90DA-234A7867AD16}.Debug|Any CPU.ActiveCfg = Debug|Any CPU
		{E6E1C25D-3A70-4D7C-90DA-234A7867AD16}.Debug|Any CPU.Build.0 = Debug|Any CPU
		{E6E1C25D-3A70-4D7C-90DA-234A7867AD16}.Release|Any CPU.ActiveCfg = Release|Any CPU
		{E6E1C25D-3A70-4D7C-90DA-234A7867AD16}.Release|Any CPU.Build.0 = Release|Any CPU
		{00606918-24DF-4264-8366-2F30ED7AD3FF}.Debug|Any CPU.ActiveCfg = Debug|Any CPU
		{00606918-24DF-4264-8366-2F30ED7AD3FF}.Debug|Any CPU.Build.0 = Debug|Any CPU
		{00606918-24DF-4264-8366-2F30ED7AD3FF}.Release|Any CPU.ActiveCfg = Release|Any CPU
		{00606918-24DF-4264-8366-2F30ED7AD3FF}.Release|Any CPU.Build.0 = Release|Any CPU
		{EBDFA6DA-038E-44BD-96AD-6823F51F656C}.Debug|Any CPU.ActiveCfg = Debug|Any CPU
		{EBDFA6DA-038E-44BD-96AD-6823F51F656C}.Debug|Any CPU.Build.0 = Debug|Any CPU
		{EBDFA6DA-038E-44BD-96AD-6823F51F656C}.Release|Any CPU.ActiveCfg = Release|Any CPU
		{EBDFA6DA-038E-44BD-96AD-6823F51F656C}.Release|Any CPU.Build.0 = Release|Any CPU
		{ABE7E688-545A-48B3-B5F9-E3530A3D2DB6}.Debug|Any CPU.ActiveCfg = Debug|Any CPU
		{ABE7E688-545A-48B3-B5F9-E3530A3D2DB6}.Debug|Any CPU.Build.0 = Debug|Any CPU
		{ABE7E688-545A-48B3-B5F9-E3530A3D2DB6}.Release|Any CPU.ActiveCfg = Release|Any CPU
		{ABE7E688-545A-48B3-B5F9-E3530A3D2DB6}.Release|Any CPU.Build.0 = Release|Any CPU
		{816DA66A-C4F1-433F-B985-AE5921FF2751}.Debug|Any CPU.ActiveCfg = Debug|Any CPU
		{816DA66A-C4F1-433F-B985-AE5921FF2751}.Debug|Any CPU.Build.0 = Debug|Any CPU
		{816DA66A-C4F1-433F-B985-AE5921FF2751}.Release|Any CPU.ActiveCfg = Release|Any CPU
		{816DA66A-C4F1-433F-B985-AE5921FF2751}.Release|Any CPU.Build.0 = Release|Any CPU
		{9642BF05-0BEF-43B8-816F-E97B8B13E375}.Debug|Any CPU.ActiveCfg = Debug|Any CPU
		{9642BF05-0BEF-43B8-816F-E97B8B13E375}.Debug|Any CPU.Build.0 = Debug|Any CPU
		{9642BF05-0BEF-43B8-816F-E97B8B13E375}.Release|Any CPU.ActiveCfg = Release|Any CPU
		{9642BF05-0BEF-43B8-816F-E97B8B13E375}.Release|Any CPU.Build.0 = Release|Any CPU
	EndGlobalSection
	GlobalSection(SolutionProperties) = preSolution
		HideSolutionNode = FALSE
	EndGlobalSection
	GlobalSection(NestedProjects) = preSolution
		{46659956-5437-44C5-89C0-64D0CEF6BDDD} = {34C3904A-BC02-4A18-9313-E59E2BE4DF7E}
		{0894F603-C535-4DBD-BACE-E407EC22BBB4} = {34C3904A-BC02-4A18-9313-E59E2BE4DF7E}
		{58DCB82D-16CD-4AC6-94E8-6339154BF53A} = {34C3904A-BC02-4A18-9313-E59E2BE4DF7E}
		{E6E1C25D-3A70-4D7C-90DA-234A7867AD16} = {5BFB73F3-DC07-4846-BAB6-77F4EFB4947B}
		{00606918-24DF-4264-8366-2F30ED7AD3FF} = {5BFB73F3-DC07-4846-BAB6-77F4EFB4947B}
		{EBDFA6DA-038E-44BD-96AD-6823F51F656C} = {5BFB73F3-DC07-4846-BAB6-77F4EFB4947B}
		{ABE7E688-545A-48B3-B5F9-E3530A3D2DB6} = {8979721D-5B9A-4262-A3CE-CD15E527E25C}
		{816DA66A-C4F1-433F-B985-AE5921FF2751} = {8979721D-5B9A-4262-A3CE-CD15E527E25C}
		{9642BF05-0BEF-43B8-816F-E97B8B13E375} = {8979721D-5B9A-4262-A3CE-CD15E527E25C}
	EndGlobalSection
	GlobalSection(ExtensibilityGlobals) = postSolution
		SolutionGuid = {B3E44BBE-374F-4C59-B94A-12DE840D9D6C}
	EndGlobalSection
EndGlobal
